
Microsoft Visual Studio Solution File, Format Version 12.00
# Visual Studio Version 16
VisualStudioVersion = 16.0.29709.97
MinimumVisualStudioVersion = 10.0.40219.1
Project("{FAE04EC0-301F-11D3-BF4B-00C04F79EFBC}") = "Insertionsort", "Insertionsort\Insertionsort.csproj", "{776185C9-31D0-4D5D-86B5-60EC5AAF28FB}"
EndProject
Global
	GlobalSection(SolutionConfigurationPlatforms) = preSolution
		Debug|Any CPU = Debug|Any CPU
		Release|Any CPU = Release|Any CPU
	EndGlobalSection
	GlobalSection(ProjectConfigurationPlatforms) = postSolution
		{776185C9-31D0-4D5D-86B5-60EC5AAF28FB}.Debug|Any CPU.ActiveCfg = Debug|Any CPU
		{776185C9-31D0-4D5D-86B5-60EC5AAF28FB}.Debug|Any CPU.Build.0 = Debug|Any CPU
		{776185C9-31D0-4D5D-86B5-60EC5AAF28FB}.Release|Any CPU.ActiveCfg = Release|Any CPU
		{776185C9-31D0-4D5D-86B5-60EC5AAF28FB}.Release|Any CPU.Build.0 = Release|Any CPU
	EndGlobalSection
	GlobalSection(SolutionProperties) = preSolution
		HideSolutionNode = FALSE
	EndGlobalSection
	GlobalSection(ExtensibilityGlobals) = postSolution
		SolutionGuid = {4B17A068-B961-4D96-BAA9-221EA4EF7C96}
	EndGlobalSection
EndGlobal
